# This file is autogenerated, do not edit; changes may be undone by the next 'dep ensure'.


[[projects]]
  digest = "1:2a5f5e34eb0f7dbe6afcb4ee65246a5e499e852d4ecf460163960dbb93030452"
  name = "github.com/go-interpreter/wagon"
  packages = [
    "validate",
    "wasm",
    "wasm/internal/readpos",
    "wasm/leb128",
    "wasm/operators",
  ]
  pruneopts = "UT"
  revision = "0077fe2c1bbd991b8da10d878985e78ca6ac25e9"
  version = "v0.3.0"

[solve-meta]
  analyzer-name = "dep"
  analyzer-version = 1
  input-imports = [
    "github.com/go-interpreter/wagon/validate",
    "github.com/go-interpreter/wagon/wasm",
    "github.com/go-interpreter/wagon/wasm/leb128",
  ]
  solver-name = "gps-cdcl"
  solver-version = 1
