# This file is autogenerated, do not edit; changes may be undone by the next 'dep ensure'.


[[projects]]
  digest = "1:46cd820e3d8bacd26ec42efb22451cf5a9d0b4b79bba2a9a446268b39d9749ac"
  name = "github.com/go-interpreter/wagon"
  packages = [
    "wasm",
    "wasm/internal/readpos",
    "wasm/leb128",
  ]
  pruneopts = "UT"
  revision = "0077fe2c1bbd991b8da10d878985e78ca6ac25e9"
  version = "v0.3.0"

[solve-meta]
  analyzer-name = "dep"
  analyzer-version = 1
  input-imports = [
    "github.com/go-interpreter/wagon/wasm",
    "github.com/go-interpreter/wagon/wasm/leb128",
  ]
  solver-name = "gps-cdcl"
  solver-version = 1
